
Microsoft Visual Studio Solution File, Format Version 12.00
# Visual Studio Version 17
VisualStudioVersion = 17.0.31903.59
MinimumVisualStudioVersion = 10.0.40219.1
Project("{FAE04EC0-301F-11D3-BF4B-00C04F79EFBC}") = "AutomationTest", "AutomationTest\AutomationTest.csproj", "{7FAA944F-2151-4810-9A58-0505C003188A}"
EndProject
Global
	GlobalSection(SolutionConfigurationPlatforms) = preSolution
		Debug|Any CPU = Debug|Any CPU
		Release|Any CPU = Release|Any CPU
	EndGlobalSection
	GlobalSection(ProjectConfigurationPlatforms) = postSolution
		{7FAA944F-2151-4810-9A58-0505C003188A}.Debug|Any CPU.ActiveCfg = Debug|Any CPU
		{7FAA944F-2151-4810-9A58-0505C003188A}.Debug|Any CPU.Build.0 = Debug|Any CPU
		{7FAA944F-2151-4810-9A58-0505C003188A}.Release|Any CPU.ActiveCfg = Release|Any CPU
		{7FAA944F-2151-4810-9A58-0505C003188A}.Release|Any CPU.Build.0 = Release|Any CPU
	EndGlobalSection
	GlobalSection(SolutionProperties) = preSolution
		HideSolutionNode = FALSE
	EndGlobalSection
	GlobalSection(ExtensibilityGlobals) = postSolution
		SolutionGuid = {9F17CAEE-532D-4DEB-9C70-6ABC514F7FFB}
	EndGlobalSection
EndGlobal
